
Microsoft Visual Studio Solution File, Format Version 12.00
# Visual Studio Version 16
VisualStudioVersion = 16.0.31025.194
MinimumVisualStudioVersion = 10.0.40219.1
Project("{8BC9CEB8-8B4A-11D0-8D11-00A0C91BC942}") = "Prime Check", "Prime Check\Prime Check.vcxproj", "{26EA70E3-A667-4B59-8DFE-CBD3B6501D3E}"
EndProject
Project("{54435603-DBB4-11D2-8724-00A0C9A8B90C}") = "PrimeCheckSetup", "PrimeCheckSetup\PrimeCheckSetup.vdproj", "{A0326502-5BE9-40AA-B8B0-6AB57A78326B}"
EndProject
Global
	GlobalSection(SolutionConfigurationPlatforms) = preSolution
		Debug|x64 = Debug|x64
		Debug|x86 = Debug|x86
		Release|x64 = Release|x64
		Release|x86 = Release|x86
	EndGlobalSection
	GlobalSection(ProjectConfigurationPlatforms) = postSolution
		{26EA70E3-A667-4B59-8DFE-CBD3B6501D3E}.Debug|x64.ActiveCfg = Debug|x64
		{26EA70E3-A667-4B59-8DFE-CBD3B6501D3E}.Debug|x64.Build.0 = Debug|x64
		{26EA70E3-A667-4B59-8DFE-CBD3B6501D3E}.Debug|x86.ActiveCfg = Debug|x64
		{26EA70E3-A667-4B59-8DFE-CBD3B6501D3E}.Debug|x86.Build.0 = Debug|x64
		{26EA70E3-A667-4B59-8DFE-CBD3B6501D3E}.Release|x64.ActiveCfg = Release|x64
		{26EA70E3-A667-4B59-8DFE-CBD3B6501D3E}.Release|x64.Build.0 = Release|x64
		{26EA70E3-A667-4B59-8DFE-CBD3B6501D3E}.Release|x86.ActiveCfg = Release|Win32
		{26EA70E3-A667-4B59-8DFE-CBD3B6501D3E}.Release|x86.Build.0 = Release|Win32
		{A0326502-5BE9-40AA-B8B0-6AB57A78326B}.Debug|x64.ActiveCfg = Debug
		{A0326502-5BE9-40AA-B8B0-6AB57A78326B}.Debug|x86.ActiveCfg = Debug
		{A0326502-5BE9-40AA-B8B0-6AB57A78326B}.Release|x64.ActiveCfg = Release
		{A0326502-5BE9-40AA-B8B0-6AB57A78326B}.Release|x64.Build.0 = Release
		{A0326502-5BE9-40AA-B8B0-6AB57A78326B}.Release|x86.ActiveCfg = Release
	EndGlobalSection
	GlobalSection(SolutionProperties) = preSolution
		HideSolutionNode = FALSE
	EndGlobalSection
	GlobalSection(ExtensibilityGlobals) = postSolution
		SolutionGuid = {FAE5C71D-2F78-4080-A2D0-26622A520049}
	EndGlobalSection
EndGlobal
